// !$*UTF8*$!
{
	archiveVersion = 1;
	classes = {
	};
	objectVersion = 48;
	objects = {

/* Begin PBXBuildFile section */
		568AEA981F5910C0004DAC8D /* AppDelegate.swift in Sources */ = {isa = PBXBuildFile; fileRef = 568AEA971F5910C0004DAC8D /* AppDelegate.swift */; };
		568AEA9A1F5910C0004DAC8D /* art.scnassets in Resources */ = {isa = PBXBuildFile; fileRef = 568AEA991F5910C0004DAC8D /* art.scnassets */; };
		568AEA9C1F5910C0004DAC8D /* ViewController.swift in Sources */ = {isa = PBXBuildFile; fileRef = 568AEA9B1F5910C0004DAC8D /* ViewController.swift */; };
		568AEA9F1F5910C0004DAC8D /* Main.storyboard in Resources */ = {isa = PBXBuildFile; fileRef = 568AEA9D1F5910C0004DAC8D /* Main.storyboard */; };
		568AEAA11F5910C0004DAC8D /* Assets.xcassets in Resources */ = {isa = PBXBuildFile; fileRef = 568AEAA01F5910C0004DAC8D /* Assets.xcassets */; };
		568AEAA41F5910C0004DAC8D /* LaunchScreen.storyboard in Resources */ = {isa = PBXBuildFile; fileRef = 568AEAA21F5910C0004DAC8D /* LaunchScreen.storyboard */; };
		568D25261F5931B8007328E2 /* SolarSystemVC.swift in Sources */ = {isa = PBXBuildFile; fileRef = 568D25251F5931B8007328E2 /* SolarSystemVC.swift */; };
/* End PBXBuildFile section */

/* Begin PBXFileReference section */
		568AEA941F5910C0004DAC8D /* SolarSystemWithAR.app */ = {isa = PBXFileReference; explicitFileType = wrapper.application; includeInIndex = 0; path = SolarSystemWithAR.app; sourceTree = BUILT_PRODUCTS_DIR; };
		568AEA971F5910C0004DAC8D /* AppDelegate.swift */ = {isa = PBXFileReference; lastKnownFileType = sourcecode.swift; path = AppDelegate.swift; sourceTree = "<group>"; };
		568AEA991F5910C0004DAC8D /* art.scnassets */ = {isa = PBXFileReference; lastKnownFileType = wrapper.scnassets; path = art.scnassets; sourceTree = "<group>"; };
		568AEA9B1F5910C0004DAC8D /* ViewController.swift */ = {isa = PBXFileReference; lastKnownFileType = sourcecode.swift; path = ViewController.swift; sourceTree = "<group>"; };
		568AEA9E1F5910C0004DAC8D /* Base */ = {isa = PBXFileReference; lastKnownFileType = file.storyboard; name = Base; path = Base.lproj/Main.storyboard; sourceTree = "<group>"; };
		568AEAA01F5910C0004DAC8D /* Assets.xcassets */ = {isa = PBXFileReference; lastKnownFileType = folder.assetcatalog; path = Assets.xcassets; sourceTree = "<group>"; };
		568AEAA31F5910C0004DAC8D /* Base */ = {isa = PBXFileReference; lastKnownFileType = file.storyboard; name = Base; path = Base.lproj/LaunchScreen.storyboard; sourceTree = "<group>"; };
		568AEAA51F5910C0004DAC8D /* Info.plist */ = {isa = PBXFileReference; lastKnownFileType = text.plist.xml; path = Info.plist; sourceTree = "<group>"; };
		568D25251F5931B8007328E2 /* SolarSystemVC.swift */ = {isa = PBXFileReference; lastKnownFileType = sourcecode.swift; path = SolarSystemVC.swift; sourceTree = "<group>"; };
/* End PBXFileReference section */

/* Begin PBXFrameworksBuildPhase section */
		568AEA911F5910C0004DAC8D /* Frameworks */ = {
			isa = PBXFrameworksBuildPhase;
			buildActionMask = 2147483647;
			files = (
			);
			runOnlyForDeploymentPostprocessing = 0;
		};
/* End PBXFrameworksBuildPhase section */

/* Begin PBXGroup section */
		568AEA8B1F5910BF004DAC8D = {
			isa = PBXGroup;
			children = (
				568AEA961F5910C0004DAC8D /* SolarSystemWithAR */,
				568AEA951F5910C0004DAC8D /* Products */,
			);
			sourceTree = "<group>";
		};
		568AEA951F5910C0004DAC8D /* Products */ = {
			isa = PBXGroup;
			children = (
				568AEA941F5910C0004DAC8D /* SolarSystemWithAR.app */,
			);
			name = Products;
			sourceTree = "<group>";
		};
		568AEA961F5910C0004DAC8D /* SolarSystemWithAR */ = {
			isa = PBXGroup;
			children = (
				568AEA971F5910C0004DAC8D /* AppDelegate.swift */,
				568AEA991F5910C0004DAC8D /* art.scnassets */,
				568AEA9B1F5910C0004DAC8D /* ViewController.swift */,
				568AEA9D1F5910C0004DAC8D /* Main.storyboard */,
				568AEAA01F5910C0004DAC8D /* Assets.xcassets */,
				568AEAA21F5910C0004DAC8D /* LaunchScreen.storyboard */,
				568AEAA51F5910C0004DAC8D /* Info.plist */,
				568D25251F5931B8007328E2 /* SolarSystemVC.swift */,
			);
			path = SolarSystemWithAR;
			sourceTree = "<group>";
		};
/* End PBXGroup section */

/* Begin PBXNativeTarget section */
		568AEA931F5910C0004DAC8D /* SolarSystemWithAR */ = {
			isa = PBXNativeTarget;
			buildConfigurationList = 568AEAA81F5910C0004DAC8D /* Build configuration list for PBXNativeTarget "SolarSystemWithAR" */;
			buildPhases = (
				568AEA901F5910C0004DAC8D /* Sources */,
				568AEA911F5910C0004DAC8D /* Frameworks */,
				568AEA921F5910C0004DAC8D /* Resources */,
			);
			buildRules = (
			);
			dependencies = (
			);
			name = SolarSystemWithAR;
			productName = SolarSystemWithAR;
			productReference = 568AEA941F5910C0004DAC8D /* SolarSystemWithAR.app */;
			productType = "com.apple.product-type.application";
		};
/* End PBXNativeTarget section */

/* Begin PBXProject section */
		568AEA8C1F5910C0004DAC8D /* Project object */ = {
			isa = PBXProject;
			attributes = {
				LastSwiftUpdateCheck = 0900;
				LastUpgradeCheck = 0900;
				ORGANIZATIONNAME = bqteam;
				TargetAttributes = {
					568AEA931F5910C0004DAC8D = {
						CreatedOnToolsVersion = 9.0;
						ProvisioningStyle = Automatic;
					};
				};
			};
			buildConfigurationList = 568AEA8F1F5910C0004DAC8D /* Build configuration list for PBXProject "SolarSystemWithAR" */;
			compatibilityVersion = "Xcode 8.0";
			developmentRegion = en;
			hasScannedForEncodings = 0;
			knownRegions = (
				en,
				Base,
			);
			mainGroup = 568AEA8B1F5910BF004DAC8D;
			productRefGroup = 568AEA951F5910C0004DAC8D /* Products */;
			projectDirPath = "";
			projectRoot = "";
			targets = (
				568AEA931F5910C0004DAC8D /* SolarSystemWithAR */,
			);
		};
/* End PBXProject section */

/* Begin PBXResourcesBuildPhase section */
		568AEA921F5910C0004DAC8D /* Resources */ = {
			isa = PBXResourcesBuildPhase;
			buildActionMask = 2147483647;
			files = (
				568AEA9A1F5910C0004DAC8D /* art.scnassets in Resources */,
				568AEAA41F5910C0004DAC8D /* LaunchScreen.storyboard in Resources */,
				568AEAA11F5910C0004DAC8D /* Assets.xcassets in Resources */,
				568AEA9F1F5910C0004DAC8D /* Main.storyboard in Resources */,
			);
			runOnlyForDeploymentPostprocessing = 0;
		};
/* End PBXResourcesBuildPhase section */

/* Begin PBXSourcesBuildPhase section */
		568AEA901F5910C0004DAC8D /* Sources */ = {
			isa = PBXSourcesBuildPhase;
			buildActionMask = 2147483647;
			files = (
				568AEA9C1F5910C0004DAC8D /* ViewController.swift in Sources */,
				568AEA981F5910C0004DAC8D /* AppDelegate.swift in Sources */,
				568D25261F5931B8007328E2 /* SolarSystemVC.swift in Sources */,
			);
			runOnlyForDeploymentPostprocessing = 0;
		};
/* End PBXSourcesBuildPhase section */

/* Begin PBXVariantGroup section */
		568AEA9D1F5910C0004DAC8D /* Main.storyboard */ = {
			isa = PBXVariantGroup;
			children = (
				568AEA9E1F5910C0004DAC8D /* Base */,
			);
			name = Main.storyboard;
			sourceTree = "<group>";
		};
		568AEAA21F5910C0004DAC8D /* LaunchScreen.storyboard */ = {
			isa = PBXVariantGroup;
			children = (
				568AEAA31F5910C0004DAC8D /* Base */,
			);
			name = LaunchScreen.storyboard;
			sourceTree = "<group>";
		};
/* End PBXVariantGroup section */

/* Begin XCBuildConfiguration section */
		568AEAA61F5910C0004DAC8D /* Debug */ = {
			isa = XCBuildConfiguration;
			buildSettings = {
				ALWAYS_SEARCH_USER_PATHS = NO;
				CLANG_ANALYZER_NONNULL = YES;
				CLANG_ANALYZER_NUMBER_OBJECT_CONVERSION = YES_AGGRESSIVE;
				CLANG_CXX_LANGUAGE_STANDARD = "gnu++14";
				CLANG_CXX_LIBRARY = "libc++";
				CLANG_ENABLE_MODULES = YES;
				CLANG_ENABLE_OBJC_ARC = YES;
				CLANG_WARN_BLOCK_CAPTURE_AUTORELEASING = YES;
				CLANG_WARN_BOOL_CONVERSION = YES;
				CLANG_WARN_COMMA = YES;
				CLANG_WARN_CONSTANT_CONVERSION = YES;
				CLANG_WARN_DIRECT_OBJC_ISA_USAGE = YES_ERROR;
				CLANG_WARN_DOCUMENTATION_COMMENTS = YES;
				CLANG_WARN_EMPTY_BODY = YES;
				CLANG_WARN_ENUM_CONVERSION = YES;
				CLANG_WARN_INFINITE_RECURSION = YES;
				CLANG_WARN_INT_CONVERSION = YES;
				CLANG_WARN_NON_LITERAL_NULL_CONVERSION = YES;
				CLANG_WARN_OBJC_LITERAL_CONVERSION = YES;
				CLANG_WARN_OBJC_ROOT_CLASS = YES_ERROR;
				CLANG_WARN_RANGE_LOOP_ANALYSIS = YES;
				CLANG_WARN_STRICT_PROTOTYPES = YES;
				CLANG_WARN_SUSPICIOUS_MOVE = YES;
				CLANG_WARN_UNGUARDED_AVAILABILITY = YES_AGGRESSIVE;
				CLANG_WARN_UNREACHABLE_CODE = YES;
				CLANG_WARN__DUPLICATE_METHOD_MATCH = YES;
				CODE_SIGN_IDENTITY = "iPhone Developer";
				COPY_PHASE_STRIP = NO;
				DEBUG_INFORMATION_FORMAT = dwarf;
				ENABLE_STRICT_OBJC_MSGSEND = YES;
				ENABLE_TESTABILITY = YES;
				GCC_C_LANGUAGE_STANDARD = gnu11;
				GCC_DYNAMIC_NO_PIC = NO;
				GCC_NO_COMMON_BLOCKS = YES;
				GCC_OPTIMIZATION_LEVEL = 0;
				GCC_PREPROCESSOR_DEFINITIONS = (
					"DEBUG=1",
					"$(inherited)",
				);
				GCC_WARN_64_TO_32_BIT_CONVERSION = YES;
				GCC_WARN_ABOUT_RETURN_TYPE = YES_ERROR;
				GCC_WARN_UNDECLARED_SELECTOR = YES;
				GCC_WARN_UNINITIALIZED_AUTOS = YES_AGGRESSIVE;
				GCC_WARN_UNUSED_FUNCTION = YES;
				GCC_WARN_UNUSED_VARIABLE = YES;
				IPHONEOS_DEPLOYMENT_TARGET = 11.0;
				MTL_ENABLE_DEBUG_INFO = YES;
				ONLY_ACTIVE_ARCH = YES;
				SDKROOT = iphoneos;
				SWIFT_ACTIVE_COMPILATION_CONDITIONS = DEBUG;
				SWIFT_OPTIMIZATION_LEVEL = "-Onone";
			};
			name = Debug;
		};
		568AEAA71F5910C0004DAC8D /* Release */ = {
			isa = XCBuildConfiguration;
			buildSettings = {
				ALWAYS_SEARCH_USER_PATHS = NO;
				CLANG_ANALYZER_NONNULL = YES;
				CLANG_ANALYZER_NUMBER_OBJECT_CONVERSION = YES_AGGRESSIVE;
				CLANG_CXX_LANGUAGE_STANDARD = "gnu++14";
				CLANG_CXX_LIBRARY = "libc++";
				CLANG_ENABLE_MODULES = YES;
				CLANG_ENABLE_OBJC_ARC = YES;
				CLANG_WARN_BLOCK_CAPTURE_AUTORELEASING = YES;
				CLANG_WARN_BOOL_CONVERSION = YES;
				CLANG_WARN_COMMA = YES;
				CLANG_WARN_CONSTANT_CONVERSION = YES;
				CLANG_WARN_DIRECT_OBJC_ISA_USAGE = YES_ERROR;
				CLANG_WARN_DOCUMENTATION_COMMENTS = YES;
				CLANG_WARN_EMPTY_BODY = YES;
				CLANG_WARN_ENUM_CONVERSION = YES;
				CLANG_WARN_INFINITE_RECURSION = YES;
				CLANG_WARN_INT_CONVERSION = YES;
				CLANG_WARN_NON_LITERAL_NULL_CONVERSION = YES;
				CLANG_WARN_OBJC_LITERAL_CONVERSION = YES;
				CLANG_WARN_OBJC_ROOT_CLASS = YES_ERROR;
				CLANG_WARN_RANGE_LOOP_ANALYSIS = YES;
				CLANG_WARN_STRICT_PROTOTYPES = YES;
				CLANG_WARN_SUSPICIOUS_MOVE = YES;
				CLANG_WARN_UNGUARDED_AVAILABILITY = YES_AGGRESSIVE;
				CLANG_WARN_UNREACHABLE_CODE = YES;
				CLANG_WARN__DUPLICATE_METHOD_MATCH = YES;
				CODE_SIGN_IDENTITY = "iPhone Developer";
				COPY_PHASE_STRIP = NO;
				DEBUG_INFORMATION_FORMAT = "dwarf-with-dsym";
				ENABLE_NS_ASSERTIONS = NO;
				ENABLE_STRICT_OBJC_MSGSEND = YES;
				GCC_C_LANGUAGE_STANDARD = gnu11;
				GCC_NO_COMMON_BLOCKS = YES;
				GCC_WARN_64_TO_32_BIT_CONVERSION = YES;
				GCC_WARN_ABOUT_RETURN_TYPE = YES_ERROR;
				GCC_WARN_UNDECLARED_SELECTOR = YES;
				GCC_WARN_UNINITIALIZED_AUTOS = YES_AGGRESSIVE;
				GCC_WARN_UNUSED_FUNCTION = YES;
				GCC_WARN_UNUSED_VARIABLE = YES;
				IPHONEOS_DEPLOYMENT_TARGET = 11.0;
				MTL_ENABLE_DEBUG_INFO = NO;
				SDKROOT = iphoneos;
				SWIFT_OPTIMIZATION_LEVEL = "-Owholemodule";
				VALIDATE_PRODUCT = YES;
			};
			name = Release;
		};
		568AEAA91F5910C0004DAC8D /* Debug */ = {
			isa = XCBuildConfiguration;
			buildSettings = {
				ASSETCATALOG_COMPILER_APPICON_NAME = AppIcon;
				CODE_SIGN_STYLE = Automatic;
				DEVELOPMENT_TEAM = 3BL62Z3H59;
				INFOPLIST_FILE = SolarSystemWithAR/Info.plist;
				LD_RUNPATH_SEARCH_PATHS = "$(inherited) @executable_path/Frameworks";
				PRODUCT_BUNDLE_IDENTIFIER = com.SolarSystemWithAR;
				PRODUCT_NAME = "$(TARGET_NAME)";
				SWIFT_VERSION = 4.0;
				TARGETED_DEVICE_FAMILY = "1,2";
			};
			name = Debug;
		};
		568AEAAA1F5910C0004DAC8D /* Release */ = {
			isa = XCBuildConfiguration;
			buildSettings = {
				ASSETCATALOG_COMPILER_APPICON_NAME = AppIcon;
				CODE_SIGN_STYLE = Automatic;
				DEVELOPMENT_TEAM = 3BL62Z3H59;
				INFOPLIST_FILE = SolarSystemWithAR/Info.plist;
				LD_RUNPATH_SEARCH_PATHS = "$(inherited) @executable_path/Frameworks";
				PRODUCT_BUNDLE_IDENTIFIER = com.SolarSystemWithAR;
				PRODUCT_NAME = "$(TARGET_NAME)";
				SWIFT_VERSION = 4.0;
				TARGETED_DEVICE_FAMILY = "1,2";
			};
			name = Release;
		};
/* End XCBuildConfiguration section */

/* Begin XCConfigurationList section */
		568AEA8F1F5910C0004DAC8D /* Build configuration list for PBXProject "SolarSystemWithAR" */ = {
			isa = XCConfigurationList;
			buildConfigurations = (
				568AEAA61F5910C0004DAC8D /* Debug */,
				568AEAA71F5910C0004DAC8D /* Release */,
			);
			defaultConfigurationIsVisible = 0;
			defaultConfigurationName = Release;
		};
		568AEAA81F5910C0004DAC8D /* Build configuration list for PBXNativeTarget "SolarSystemWithAR" */ = {
			isa = XCConfigurationList;
			buildConfigurations = (
				568AEAA91F5910C0004DAC8D /* Debug */,
				568AEAAA1F5910C0004DAC8D /* Release */,
			);
			defaultConfigurationIsVisible = 0;
			defaultConfigurationName = Release;
		};
/* End XCConfigurationList section */
	};
	rootObject = 568AEA8C1F5910C0004DAC8D /* Project object */;
}
